
Microsoft Visual Studio Solution File, Format Version 12.00
# Visual Studio Version 17
VisualStudioVersion = 17.9.34728.123
MinimumVisualStudioVersion = 10.0.40219.1
Project("{9A19103F-16F7-4668-BE54-9A1E7A4F7556}") = "DateCheckerSeleniumDemo", "DateCheckerSeleniumDemo\DateCheckerSeleniumDemo.csproj", "{52C840D7-9A0C-4405-8532-B7067DDD9D8C}"
EndProject
Project("{9A19103F-16F7-4668-BE54-9A1E7A4F7556}") = "SeleniumTest", "SeleniumTest\SeleniumTest.csproj", "{CD02787A-61C3-4793-B773-F263FDC9FF18}"
EndProject
Global
	GlobalSection(SolutionConfigurationPlatforms) = preSolution
		Debug|Any CPU = Debug|Any CPU
		Release|Any CPU = Release|Any CPU
	EndGlobalSection
	GlobalSection(ProjectConfigurationPlatforms) = postSolution
		{52C840D7-9A0C-4405-8532-B7067DDD9D8C}.Debug|Any CPU.ActiveCfg = Debug|Any CPU
		{52C840D7-9A0C-4405-8532-B7067DDD9D8C}.Debug|Any CPU.Build.0 = Debug|Any CPU
		{52C840D7-9A0C-4405-8532-B7067DDD9D8C}.Release|Any CPU.ActiveCfg = Release|Any CPU
		{52C840D7-9A0C-4405-8532-B7067DDD9D8C}.Release|Any CPU.Build.0 = Release|Any CPU
		{CD02787A-61C3-4793-B773-F263FDC9FF18}.Debug|Any CPU.ActiveCfg = Debug|Any CPU
		{CD02787A-61C3-4793-B773-F263FDC9FF18}.Debug|Any CPU.Build.0 = Debug|Any CPU
		{CD02787A-61C3-4793-B773-F263FDC9FF18}.Release|Any CPU.ActiveCfg = Release|Any CPU
		{CD02787A-61C3-4793-B773-F263FDC9FF18}.Release|Any CPU.Build.0 = Release|Any CPU
	EndGlobalSection
	GlobalSection(SolutionProperties) = preSolution
		HideSolutionNode = FALSE
	EndGlobalSection
	GlobalSection(ExtensibilityGlobals) = postSolution
		SolutionGuid = {AE4F6D8C-A33A-4371-BD1D-8FAA9988C41A}
	EndGlobalSection
EndGlobal
